
Microsoft Visual Studio Solution File, Format Version 12.00
# Visual Studio 15
VisualStudioVersion = 15.0.27428.2043
MinimumVisualStudioVersion = 10.0.40219.1
Project("{888888A0-9F3D-457C-B088-3A5042F75D52}") = "今日头条", "今日头条\今日头条.pyproj", "{EDB2A76F-08AF-4885-AD8F-98BD7697D57B}"
EndProject
Global
	GlobalSection(SolutionConfigurationPlatforms) = preSolution
		Debug|Any CPU = Debug|Any CPU
		Release|Any CPU = Release|Any CPU
	EndGlobalSection
	GlobalSection(ProjectConfigurationPlatforms) = postSolution
		{EDB2A76F-08AF-4885-AD8F-98BD7697D57B}.Debug|Any CPU.ActiveCfg = Debug|Any CPU
		{EDB2A76F-08AF-4885-AD8F-98BD7697D57B}.Release|Any CPU.ActiveCfg = Release|Any CPU
	EndGlobalSection
	GlobalSection(SolutionProperties) = preSolution
		HideSolutionNode = FALSE
	EndGlobalSection
	GlobalSection(ExtensibilityGlobals) = postSolution
		SolutionGuid = {92328BE1-3D4F-4F7D-87BC-6377D3606E21}
	EndGlobalSection
EndGlobal
